// !$*UTF8*$!
{
	archiveVersion = 1;
	classes = {
	};
	objectVersion = 46;
	objects = {

/* Begin PBXBuildFile section */
		837B0A961ED3AB91007514BB /* AppDelegate.swift in Sources */ = {isa = PBXBuildFile; fileRef = 837B0A951ED3AB91007514BB /* AppDelegate.swift */; };
		837B0A981ED3AB91007514BB /* ViewController.swift in Sources */ = {isa = PBXBuildFile; fileRef = 837B0A971ED3AB91007514BB /* ViewController.swift */; };
		837B0A9B1ED3AB91007514BB /* Main.storyboard in Resources */ = {isa = PBXBuildFile; fileRef = 837B0A991ED3AB91007514BB /* Main.storyboard */; };
		837B0A9D1ED3AB91007514BB /* Assets.xcassets in Resources */ = {isa = PBXBuildFile; fileRef = 837B0A9C1ED3AB91007514BB /* Assets.xcassets */; };
		837B0AA01ED3AB91007514BB /* LaunchScreen.storyboard in Resources */ = {isa = PBXBuildFile; fileRef = 837B0A9E1ED3AB91007514BB /* LaunchScreen.storyboard */; };
		837B0AA81ED3AC01007514BB /* InterestesViewController.swift in Sources */ = {isa = PBXBuildFile; fileRef = 837B0AA71ED3AC01007514BB /* InterestesViewController.swift */; };
		837B0AAA1ED3AD67007514BB /* 21.jpg in Resources */ = {isa = PBXBuildFile; fileRef = 837B0AA91ED3AD67007514BB /* 21.jpg */; };
		837B0AAD1ED3B457007514BB /* hands-2.png in Resources */ = {isa = PBXBuildFile; fileRef = 837B0AAC1ED3B457007514BB /* hands-2.png */; };
		837B0AAF1ED3B772007514BB /* =?UTF-8?B?Q2hhcHRlcjIgSGFyZHlbMV0uZG9jeA==?=.jpg in Resources */ = {isa = PBXBuildFile; fileRef = 837B0AAE1ED3B772007514BB /* =?UTF-8?B?Q2hhcHRlcjIgSGFyZHlbMV0uZG9jeA==?=.jpg */; };
/* End PBXBuildFile section */

/* Begin PBXFileReference section */
		837B0A921ED3AB91007514BB /* AboutMeChallenge.app */ = {isa = PBXFileReference; explicitFileType = wrapper.application; includeInIndex = 0; path = AboutMeChallenge.app; sourceTree = BUILT_PRODUCTS_DIR; };
		837B0A951ED3AB91007514BB /* AppDelegate.swift */ = {isa = PBXFileReference; lastKnownFileType = sourcecode.swift; path = AppDelegate.swift; sourceTree = "<group>"; };
		837B0A971ED3AB91007514BB /* ViewController.swift */ = {isa = PBXFileReference; lastKnownFileType = sourcecode.swift; path = ViewController.swift; sourceTree = "<group>"; };
		837B0A9A1ED3AB91007514BB /* Base */ = {isa = PBXFileReference; lastKnownFileType = file.storyboard; name = Base; path = Base.lproj/Main.storyboard; sourceTree = "<group>"; };
		837B0A9C1ED3AB91007514BB /* Assets.xcassets */ = {isa = PBXFileReference; lastKnownFileType = folder.assetcatalog; path = Assets.xcassets; sourceTree = "<group>"; };
		837B0A9F1ED3AB91007514BB /* Base */ = {isa = PBXFileReference; lastKnownFileType = file.storyboard; name = Base; path = Base.lproj/LaunchScreen.storyboard; sourceTree = "<group>"; };
		837B0AA11ED3AB91007514BB /* Info.plist */ = {isa = PBXFileReference; lastKnownFileType = text.plist.xml; path = Info.plist; sourceTree = "<group>"; };
		837B0AA71ED3AC01007514BB /* InterestesViewController.swift */ = {isa = PBXFileReference; fileEncoding = 4; lastKnownFileType = sourcecode.swift; path = InterestesViewController.swift; sourceTree = "<group>"; };
		837B0AA91ED3AD67007514BB /* 21.jpg */ = {isa = PBXFileReference; lastKnownFileType = image.jpeg; name = 21.jpg; path = "../../Photos/Film Photos/Film Batch 2/Pictures7/21.jpg"; sourceTree = "<group>"; };
		837B0AAC1ED3B457007514BB /* hands-2.png */ = {isa = PBXFileReference; lastKnownFileType = image.png; name = "hands-2.png"; path = "../../../Downloads/hands-2.png"; sourceTree = "<group>"; };
		837B0AAE1ED3B772007514BB /* =?UTF-8?B?Q2hhcHRlcjIgSGFyZHlbMV0uZG9jeA==?=.jpg */ = {isa = PBXFileReference; lastKnownFileType = image.jpeg; name = "=?UTF-8?B?Q2hhcHRlcjIgSGFyZHlbMV0uZG9jeA==?=.jpg"; path = "../../App Image Folder/=?UTF-8?B?Q2hhcHRlcjIgSGFyZHlbMV0uZG9jeA==?=.jpg"; sourceTree = "<group>"; };
/* End PBXFileReference section */

/* Begin PBXFrameworksBuildPhase section */
		837B0A8F1ED3AB91007514BB /* Frameworks */ = {
			isa = PBXFrameworksBuildPhase;
			buildActionMask = 2147483647;
			files = (
			);
			runOnlyForDeploymentPostprocessing = 0;
		};
/* End PBXFrameworksBuildPhase section */

/* Begin PBXGroup section */
		837B0A891ED3AB90007514BB = {
			isa = PBXGroup;
			children = (
				837B0A941ED3AB91007514BB /* AboutMeChallenge */,
				837B0A931ED3AB91007514BB /* Products */,
				837B0AA91ED3AD67007514BB /* 21.jpg */,
				837B0AAC1ED3B457007514BB /* hands-2.png */,
				837B0AAE1ED3B772007514BB /* =?UTF-8?B?Q2hhcHRlcjIgSGFyZHlbMV0uZG9jeA==?=.jpg */,
			);
			sourceTree = "<group>";
		};
		837B0A931ED3AB91007514BB /* Products */ = {
			isa = PBXGroup;
			children = (
				837B0A921ED3AB91007514BB /* AboutMeChallenge.app */,
			);
			name = Products;
			sourceTree = "<group>";
		};
		837B0A941ED3AB91007514BB /* AboutMeChallenge */ = {
			isa = PBXGroup;
			children = (
				837B0A951ED3AB91007514BB /* AppDelegate.swift */,
				837B0A971ED3AB91007514BB /* ViewController.swift */,
				837B0A991ED3AB91007514BB /* Main.storyboard */,
				837B0AA71ED3AC01007514BB /* InterestesViewController.swift */,
				837B0A9C1ED3AB91007514BB /* Assets.xcassets */,
				837B0A9E1ED3AB91007514BB /* LaunchScreen.storyboard */,
				837B0AA11ED3AB91007514BB /* Info.plist */,
			);
			path = AboutMeChallenge;
			sourceTree = "<group>";
		};
/* End PBXGroup section */

/* Begin PBXNativeTarget section */
		837B0A911ED3AB91007514BB /* AboutMeChallenge */ = {
			isa = PBXNativeTarget;
			buildConfigurationList = 837B0AA41ED3AB91007514BB /* Build configuration list for PBXNativeTarget "AboutMeChallenge" */;
			buildPhases = (
				837B0A8E1ED3AB91007514BB /* Sources */,
				837B0A8F1ED3AB91007514BB /* Frameworks */,
				837B0A901ED3AB91007514BB /* Resources */,
			);
			buildRules = (
			);
			dependencies = (
			);
			name = AboutMeChallenge;
			productName = AboutMeChallenge;
			productReference = 837B0A921ED3AB91007514BB /* AboutMeChallenge.app */;
			productType = "com.apple.product-type.application";
		};
/* End PBXNativeTarget section */

/* Begin PBXProject section */
		837B0A8A1ED3AB90007514BB /* Project object */ = {
			isa = PBXProject;
			attributes = {
				LastSwiftUpdateCheck = 0830;
				LastUpgradeCheck = 0830;
				ORGANIZATIONNAME = "Zac D";
				TargetAttributes = {
					837B0A911ED3AB91007514BB = {
						CreatedOnToolsVersion = 8.3.2;
						ProvisioningStyle = Automatic;
					};
				};
			};
			buildConfigurationList = 837B0A8D1ED3AB90007514BB /* Build configuration list for PBXProject "AboutMeChallenge" */;
			compatibilityVersion = "Xcode 3.2";
			developmentRegion = English;
			hasScannedForEncodings = 0;
			knownRegions = (
				en,
				Base,
			);
			mainGroup = 837B0A891ED3AB90007514BB;
			productRefGroup = 837B0A931ED3AB91007514BB /* Products */;
			projectDirPath = "";
			projectRoot = "";
			targets = (
				837B0A911ED3AB91007514BB /* AboutMeChallenge */,
			);
		};
/* End PBXProject section */

/* Begin PBXResourcesBuildPhase section */
		837B0A901ED3AB91007514BB /* Resources */ = {
			isa = PBXResourcesBuildPhase;
			buildActionMask = 2147483647;
			files = (
				837B0AAA1ED3AD67007514BB /* 21.jpg in Resources */,
				837B0AA01ED3AB91007514BB /* LaunchScreen.storyboard in Resources */,
				837B0AAD1ED3B457007514BB /* hands-2.png in Resources */,
				837B0AAF1ED3B772007514BB /* =?UTF-8?B?Q2hhcHRlcjIgSGFyZHlbMV0uZG9jeA==?=.jpg in Resources */,
				837B0A9D1ED3AB91007514BB /* Assets.xcassets in Resources */,
				837B0A9B1ED3AB91007514BB /* Main.storyboard in Resources */,
			);
			runOnlyForDeploymentPostprocessing = 0;
		};
/* End PBXResourcesBuildPhase section */

/* Begin PBXSourcesBuildPhase section */
		837B0A8E1ED3AB91007514BB /* Sources */ = {
			isa = PBXSourcesBuildPhase;
			buildActionMask = 2147483647;
			files = (
				837B0A981ED3AB91007514BB /* ViewController.swift in Sources */,
				837B0AA81ED3AC01007514BB /* InterestesViewController.swift in Sources */,
				837B0A961ED3AB91007514BB /* AppDelegate.swift in Sources */,
			);
			runOnlyForDeploymentPostprocessing = 0;
		};
/* End PBXSourcesBuildPhase section */

/* Begin PBXVariantGroup section */
		837B0A991ED3AB91007514BB /* Main.storyboard */ = {
			isa = PBXVariantGroup;
			children = (
				837B0A9A1ED3AB91007514BB /* Base */,
			);
			name = Main.storyboard;
			sourceTree = "<group>";
		};
		837B0A9E1ED3AB91007514BB /* LaunchScreen.storyboard */ = {
			isa = PBXVariantGroup;
			children = (
				837B0A9F1ED3AB91007514BB /* Base */,
			);
			name = LaunchScreen.storyboard;
			sourceTree = "<group>";
		};
/* End PBXVariantGroup section */

/* Begin XCBuildConfiguration section */
		837B0AA21ED3AB91007514BB /* Debug */ = {
			isa = XCBuildConfiguration;
			buildSettings = {
				ALWAYS_SEARCH_USER_PATHS = NO;
				CLANG_ANALYZER_NONNULL = YES;
				CLANG_ANALYZER_NUMBER_OBJECT_CONVERSION = YES_AGGRESSIVE;
				CLANG_CXX_LANGUAGE_STANDARD = "gnu++0x";
				CLANG_CXX_LIBRARY = "libc++";
				CLANG_ENABLE_MODULES = YES;
				CLANG_ENABLE_OBJC_ARC = YES;
				CLANG_WARN_BOOL_CONVERSION = YES;
				CLANG_WARN_CONSTANT_CONVERSION = YES;
				CLANG_WARN_DIRECT_OBJC_ISA_USAGE = YES_ERROR;
				CLANG_WARN_DOCUMENTATION_COMMENTS = YES;
				CLANG_WARN_EMPTY_BODY = YES;
				CLANG_WARN_ENUM_CONVERSION = YES;
				CLANG_WARN_INFINITE_RECURSION = YES;
				CLANG_WARN_INT_CONVERSION = YES;
				CLANG_WARN_OBJC_ROOT_CLASS = YES_ERROR;
				CLANG_WARN_SUSPICIOUS_MOVE = YES;
				CLANG_WARN_UNREACHABLE_CODE = YES;
				CLANG_WARN__DUPLICATE_METHOD_MATCH = YES;
				"CODE_SIGN_IDENTITY[sdk=iphoneos*]" = "iPhone Developer";
				COPY_PHASE_STRIP = NO;
				DEBUG_INFORMATION_FORMAT = dwarf;
				ENABLE_STRICT_OBJC_MSGSEND = YES;
				ENABLE_TESTABILITY = YES;
				GCC_C_LANGUAGE_STANDARD = gnu99;
				GCC_DYNAMIC_NO_PIC = NO;
				GCC_NO_COMMON_BLOCKS = YES;
				GCC_OPTIMIZATION_LEVEL = 0;
				GCC_PREPROCESSOR_DEFINITIONS = (
					"DEBUG=1",
					"$(inherited)",
				);
				GCC_WARN_64_TO_32_BIT_CONVERSION = YES;
				GCC_WARN_ABOUT_RETURN_TYPE = YES_ERROR;
				GCC_WARN_UNDECLARED_SELECTOR = YES;
				GCC_WARN_UNINITIALIZED_AUTOS = YES_AGGRESSIVE;
				GCC_WARN_UNUSED_FUNCTION = YES;
				GCC_WARN_UNUSED_VARIABLE = YES;
				IPHONEOS_DEPLOYMENT_TARGET = 10.3;
				MTL_ENABLE_DEBUG_INFO = YES;
				ONLY_ACTIVE_ARCH = YES;
				SDKROOT = iphoneos;
				SWIFT_ACTIVE_COMPILATION_CONDITIONS = DEBUG;
				SWIFT_OPTIMIZATION_LEVEL = "-Onone";
			};
			name = Debug;
		};
		837B0AA31ED3AB91007514BB /* Release */ = {
			isa = XCBuildConfiguration;
			buildSettings = {
				ALWAYS_SEARCH_USER_PATHS = NO;
				CLANG_ANALYZER_NONNULL = YES;
				CLANG_ANALYZER_NUMBER_OBJECT_CONVERSION = YES_AGGRESSIVE;
				CLANG_CXX_LANGUAGE_STANDARD = "gnu++0x";
				CLANG_CXX_LIBRARY = "libc++";
				CLANG_ENABLE_MODULES = YES;
				CLANG_ENABLE_OBJC_ARC = YES;
				CLANG_WARN_BOOL_CONVERSION = YES;
				CLANG_WARN_CONSTANT_CONVERSION = YES;
				CLANG_WARN_DIRECT_OBJC_ISA_USAGE = YES_ERROR;
				CLANG_WARN_DOCUMENTATION_COMMENTS = YES;
				CLANG_WARN_EMPTY_BODY = YES;
				CLANG_WARN_ENUM_CONVERSION = YES;
				CLANG_WARN_INFINITE_RECURSION = YES;
				CLANG_WARN_INT_CONVERSION = YES;
				CLANG_WARN_OBJC_ROOT_CLASS = YES_ERROR;
				CLANG_WARN_SUSPICIOUS_MOVE = YES;
				CLANG_WARN_UNREACHABLE_CODE = YES;
				CLANG_WARN__DUPLICATE_METHOD_MATCH = YES;
				"CODE_SIGN_IDENTITY[sdk=iphoneos*]" = "iPhone Developer";
				COPY_PHASE_STRIP = NO;
				DEBUG_INFORMATION_FORMAT = "dwarf-with-dsym";
				ENABLE_NS_ASSERTIONS = NO;
				ENABLE_STRICT_OBJC_MSGSEND = YES;
				GCC_C_LANGUAGE_STANDARD = gnu99;
				GCC_NO_COMMON_BLOCKS = YES;
				GCC_WARN_64_TO_32_BIT_CONVERSION = YES;
				GCC_WARN_ABOUT_RETURN_TYPE = YES_ERROR;
				GCC_WARN_UNDECLARED_SELECTOR = YES;
				GCC_WARN_UNINITIALIZED_AUTOS = YES_AGGRESSIVE;
				GCC_WARN_UNUSED_FUNCTION = YES;
				GCC_WARN_UNUSED_VARIABLE = YES;
				IPHONEOS_DEPLOYMENT_TARGET = 10.3;
				MTL_ENABLE_DEBUG_INFO = NO;
				SDKROOT = iphoneos;
				SWIFT_OPTIMIZATION_LEVEL = "-Owholemodule";
				VALIDATE_PRODUCT = YES;
			};
			name = Release;
		};
		837B0AA51ED3AB91007514BB /* Debug */ = {
			isa = XCBuildConfiguration;
			buildSettings = {
				ASSETCATALOG_COMPILER_APPICON_NAME = AppIcon;
				INFOPLIST_FILE = AboutMeChallenge/Info.plist;
				LD_RUNPATH_SEARCH_PATHS = "$(inherited) @executable_path/Frameworks";
				PRODUCT_BUNDLE_IDENTIFIER = com.devmountain.AboutMeChallenge;
				PRODUCT_NAME = "$(TARGET_NAME)";
				SWIFT_VERSION = 3.0;
			};
			name = Debug;
		};
		837B0AA61ED3AB91007514BB /* Release */ = {
			isa = XCBuildConfiguration;
			buildSettings = {
				ASSETCATALOG_COMPILER_APPICON_NAME = AppIcon;
				INFOPLIST_FILE = AboutMeChallenge/Info.plist;
				LD_RUNPATH_SEARCH_PATHS = "$(inherited) @executable_path/Frameworks";
				PRODUCT_BUNDLE_IDENTIFIER = com.devmountain.AboutMeChallenge;
				PRODUCT_NAME = "$(TARGET_NAME)";
				SWIFT_VERSION = 3.0;
			};
			name = Release;
		};
/* End XCBuildConfiguration section */

/* Begin XCConfigurationList section */
		837B0A8D1ED3AB90007514BB /* Build configuration list for PBXProject "AboutMeChallenge" */ = {
			isa = XCConfigurationList;
			buildConfigurations = (
				837B0AA21ED3AB91007514BB /* Debug */,
				837B0AA31ED3AB91007514BB /* Release */,
			);
			defaultConfigurationIsVisible = 0;
			defaultConfigurationName = Release;
		};
		837B0AA41ED3AB91007514BB /* Build configuration list for PBXNativeTarget "AboutMeChallenge" */ = {
			isa = XCConfigurationList;
			buildConfigurations = (
				837B0AA51ED3AB91007514BB /* Debug */,
				837B0AA61ED3AB91007514BB /* Release */,
			);
			defaultConfigurationIsVisible = 0;
		};
/* End XCConfigurationList section */
	};
	rootObject = 837B0A8A1ED3AB90007514BB /* Project object */;
}
